// !$*UTF8*$!
{
	archiveVersion = 1;
	classes = {
	};
	objectVersion = 46;
	objects = {

/* Begin PBXBuildFile section */
		8F09A7291C6BC23C005101D2 /* AppDelegate.swift in Sources */ = {isa = PBXBuildFile; fileRef = 8F09A7281C6BC23C005101D2 /* AppDelegate.swift */; };
		8F09A72B1C6BC23C005101D2 /* ViewController.swift in Sources */ = {isa = PBXBuildFile; fileRef = 8F09A72A1C6BC23C005101D2 /* ViewController.swift */; };
		8F09A72E1C6BC23C005101D2 /* Main.storyboard in Resources */ = {isa = PBXBuildFile; fileRef = 8F09A72C1C6BC23C005101D2 /* Main.storyboard */; };
		8F09A7301C6BC23C005101D2 /* Assets.xcassets in Resources */ = {isa = PBXBuildFile; fileRef = 8F09A72F1C6BC23C005101D2 /* Assets.xcassets */; };
		8F09A7331C6BC23C005101D2 /* LaunchScreen.storyboard in Resources */ = {isa = PBXBuildFile; fileRef = 8F09A7311C6BC23C005101D2 /* LaunchScreen.storyboard */; };
		8F09A73B1C6BC4BC005101D2 /* Common.swift in Sources */ = {isa = PBXBuildFile; fileRef = 8F09A73A1C6BC4BC005101D2 /* Common.swift */; };
		8F09A73F1C6BC987005101D2 /* IntroViewController.swift in Sources */ = {isa = PBXBuildFile; fileRef = 8F09A73E1C6BC987005101D2 /* IntroViewController.swift */; };
/* End PBXBuildFile section */

/* Begin PBXFileReference section */
		8F09A7251C6BC23C005101D2 /* Carousel.app */ = {isa = PBXFileReference; explicitFileType = wrapper.application; includeInIndex = 0; path = Carousel.app; sourceTree = BUILT_PRODUCTS_DIR; };
		8F09A7281C6BC23C005101D2 /* AppDelegate.swift */ = {isa = PBXFileReference; lastKnownFileType = sourcecode.swift; path = AppDelegate.swift; sourceTree = "<group>"; };
		8F09A72A1C6BC23C005101D2 /* ViewController.swift */ = {isa = PBXFileReference; lastKnownFileType = sourcecode.swift; path = ViewController.swift; sourceTree = "<group>"; };
		8F09A72D1C6BC23C005101D2 /* Base */ = {isa = PBXFileReference; lastKnownFileType = file.storyboard; name = Base; path = Base.lproj/Main.storyboard; sourceTree = "<group>"; };
		8F09A72F1C6BC23C005101D2 /* Assets.xcassets */ = {isa = PBXFileReference; lastKnownFileType = folder.assetcatalog; path = Assets.xcassets; sourceTree = "<group>"; };
		8F09A7321C6BC23C005101D2 /* Base */ = {isa = PBXFileReference; lastKnownFileType = file.storyboard; name = Base; path = Base.lproj/LaunchScreen.storyboard; sourceTree = "<group>"; };
		8F09A7341C6BC23C005101D2 /* Info.plist */ = {isa = PBXFileReference; lastKnownFileType = text.plist.xml; path = Info.plist; sourceTree = "<group>"; };
		8F09A73A1C6BC4BC005101D2 /* Common.swift */ = {isa = PBXFileReference; fileEncoding = 4; lastKnownFileType = sourcecode.swift; name = Common.swift; path = ../../../../Downloads/Common.swift; sourceTree = "<group>"; };
		8F09A73E1C6BC987005101D2 /* IntroViewController.swift */ = {isa = PBXFileReference; fileEncoding = 4; lastKnownFileType = sourcecode.swift; name = IntroViewController.swift; path = ../IntroViewController.swift; sourceTree = "<group>"; };
/* End PBXFileReference section */

/* Begin PBXFrameworksBuildPhase section */
		8F09A7221C6BC23C005101D2 /* Frameworks */ = {
			isa = PBXFrameworksBuildPhase;
			buildActionMask = 2147483647;
			files = (
			);
			runOnlyForDeploymentPostprocessing = 0;
		};
/* End PBXFrameworksBuildPhase section */

/* Begin PBXGroup section */
		8F09A71C1C6BC23C005101D2 = {
			isa = PBXGroup;
			children = (
				8F09A7271C6BC23C005101D2 /* Carousel */,
				8F09A7261C6BC23C005101D2 /* Products */,
			);
			sourceTree = "<group>";
		};
		8F09A7261C6BC23C005101D2 /* Products */ = {
			isa = PBXGroup;
			children = (
				8F09A7251C6BC23C005101D2 /* Carousel.app */,
			);
			name = Products;
			sourceTree = "<group>";
		};
		8F09A7271C6BC23C005101D2 /* Carousel */ = {
			isa = PBXGroup;
			children = (
				8F09A7281C6BC23C005101D2 /* AppDelegate.swift */,
				8F09A72A1C6BC23C005101D2 /* ViewController.swift */,
				8F09A72C1C6BC23C005101D2 /* Main.storyboard */,
				8F09A73E1C6BC987005101D2 /* IntroViewController.swift */,
				8F09A72F1C6BC23C005101D2 /* Assets.xcassets */,
				8F09A7311C6BC23C005101D2 /* LaunchScreen.storyboard */,
				8F09A73A1C6BC4BC005101D2 /* Common.swift */,
				8F09A7341C6BC23C005101D2 /* Info.plist */,
			);
			path = Carousel;
			sourceTree = "<group>";
		};
/* End PBXGroup section */

/* Begin PBXNativeTarget section */
		8F09A7241C6BC23C005101D2 /* Carousel */ = {
			isa = PBXNativeTarget;
			buildConfigurationList = 8F09A7371C6BC23C005101D2 /* Build configuration list for PBXNativeTarget "Carousel" */;
			buildPhases = (
				8F09A7211C6BC23C005101D2 /* Sources */,
				8F09A7221C6BC23C005101D2 /* Frameworks */,
				8F09A7231C6BC23C005101D2 /* Resources */,
			);
			buildRules = (
			);
			dependencies = (
			);
			name = Carousel;
			productName = Carousel;
			productReference = 8F09A7251C6BC23C005101D2 /* Carousel.app */;
			productType = "com.apple.product-type.application";
		};
/* End PBXNativeTarget section */

/* Begin PBXProject section */
		8F09A71D1C6BC23C005101D2 /* Project object */ = {
			isa = PBXProject;
			attributes = {
				LastSwiftUpdateCheck = 0720;
				LastUpgradeCheck = 0720;
				ORGANIZATIONNAME = "Jisi Guo";
				TargetAttributes = {
					8F09A7241C6BC23C005101D2 = {
						CreatedOnToolsVersion = 7.2.1;
					};
				};
			};
			buildConfigurationList = 8F09A7201C6BC23C005101D2 /* Build configuration list for PBXProject "Carousel" */;
			compatibilityVersion = "Xcode 3.2";
			developmentRegion = English;
			hasScannedForEncodings = 0;
			knownRegions = (
				en,
				Base,
			);
			mainGroup = 8F09A71C1C6BC23C005101D2;
			productRefGroup = 8F09A7261C6BC23C005101D2 /* Products */;
			projectDirPath = "";
			projectRoot = "";
			targets = (
				8F09A7241C6BC23C005101D2 /* Carousel */,
			);
		};
/* End PBXProject section */

/* Begin PBXResourcesBuildPhase section */
		8F09A7231C6BC23C005101D2 /* Resources */ = {
			isa = PBXResourcesBuildPhase;
			buildActionMask = 2147483647;
			files = (
				8F09A7331C6BC23C005101D2 /* LaunchScreen.storyboard in Resources */,
				8F09A7301C6BC23C005101D2 /* Assets.xcassets in Resources */,
				8F09A72E1C6BC23C005101D2 /* Main.storyboard in Resources */,
			);
			runOnlyForDeploymentPostprocessing = 0;
		};
/* End PBXResourcesBuildPhase section */

/* Begin PBXSourcesBuildPhase section */
		8F09A7211C6BC23C005101D2 /* Sources */ = {
			isa = PBXSourcesBuildPhase;
			buildActionMask = 2147483647;
			files = (
				8F09A72B1C6BC23C005101D2 /* ViewController.swift in Sources */,
				8F09A73B1C6BC4BC005101D2 /* Common.swift in Sources */,
				8F09A7291C6BC23C005101D2 /* AppDelegate.swift in Sources */,
				8F09A73F1C6BC987005101D2 /* IntroViewController.swift in Sources */,
			);
			runOnlyForDeploymentPostprocessing = 0;
		};
/* End PBXSourcesBuildPhase section */

/* Begin PBXVariantGroup section */
		8F09A72C1C6BC23C005101D2 /* Main.storyboard */ = {
			isa = PBXVariantGroup;
			children = (
				8F09A72D1C6BC23C005101D2 /* Base */,
			);
			name = Main.storyboard;
			sourceTree = "<group>";
		};
		8F09A7311C6BC23C005101D2 /* LaunchScreen.storyboard */ = {
			isa = PBXVariantGroup;
			children = (
				8F09A7321C6BC23C005101D2 /* Base */,
			);
			name = LaunchScreen.storyboard;
			sourceTree = "<group>";
		};
/* End PBXVariantGroup section */

/* Begin XCBuildConfiguration section */
		8F09A7351C6BC23C005101D2 /* Debug */ = {
			isa = XCBuildConfiguration;
			buildSettings = {
				ALWAYS_SEARCH_USER_PATHS = NO;
				CLANG_CXX_LANGUAGE_STANDARD = "gnu++0x";
				CLANG_CXX_LIBRARY = "libc++";
				CLANG_ENABLE_MODULES = YES;
				CLANG_ENABLE_OBJC_ARC = YES;
				CLANG_WARN_BOOL_CONVERSION = YES;
				CLANG_WARN_CONSTANT_CONVERSION = YES;
				CLANG_WARN_DIRECT_OBJC_ISA_USAGE = YES_ERROR;
				CLANG_WARN_EMPTY_BODY = YES;
				CLANG_WARN_ENUM_CONVERSION = YES;
				CLANG_WARN_INT_CONVERSION = YES;
				CLANG_WARN_OBJC_ROOT_CLASS = YES_ERROR;
				CLANG_WARN_UNREACHABLE_CODE = YES;
				CLANG_WARN__DUPLICATE_METHOD_MATCH = YES;
				"CODE_SIGN_IDENTITY[sdk=iphoneos*]" = "iPhone Developer";
				COPY_PHASE_STRIP = NO;
				DEBUG_INFORMATION_FORMAT = dwarf;
				ENABLE_STRICT_OBJC_MSGSEND = YES;
				ENABLE_TESTABILITY = YES;
				GCC_C_LANGUAGE_STANDARD = gnu99;
				GCC_DYNAMIC_NO_PIC = NO;
				GCC_NO_COMMON_BLOCKS = YES;
				GCC_OPTIMIZATION_LEVEL = 0;
				GCC_PREPROCESSOR_DEFINITIONS = (
					"DEBUG=1",
					"$(inherited)",
				);
				GCC_WARN_64_TO_32_BIT_CONVERSION = YES;
				GCC_WARN_ABOUT_RETURN_TYPE = YES_ERROR;
				GCC_WARN_UNDECLARED_SELECTOR = YES;
				GCC_WARN_UNINITIALIZED_AUTOS = YES_AGGRESSIVE;
				GCC_WARN_UNUSED_FUNCTION = YES;
				GCC_WARN_UNUSED_VARIABLE = YES;
				IPHONEOS_DEPLOYMENT_TARGET = 9.2;
				MTL_ENABLE_DEBUG_INFO = YES;
				ONLY_ACTIVE_ARCH = YES;
				SDKROOT = iphoneos;
				SWIFT_OPTIMIZATION_LEVEL = "-Onone";
			};
			name = Debug;
		};
		8F09A7361C6BC23C005101D2 /* Release */ = {
			isa = XCBuildConfiguration;
			buildSettings = {
				ALWAYS_SEARCH_USER_PATHS = NO;
				CLANG_CXX_LANGUAGE_STANDARD = "gnu++0x";
				CLANG_CXX_LIBRARY = "libc++";
				CLANG_ENABLE_MODULES = YES;
				CLANG_ENABLE_OBJC_ARC = YES;
				CLANG_WARN_BOOL_CONVERSION = YES;
				CLANG_WARN_CONSTANT_CONVERSION = YES;
				CLANG_WARN_DIRECT_OBJC_ISA_USAGE = YES_ERROR;
				CLANG_WARN_EMPTY_BODY = YES;
				CLANG_WARN_ENUM_CONVERSION = YES;
				CLANG_WARN_INT_CONVERSION = YES;
				CLANG_WARN_OBJC_ROOT_CLASS = YES_ERROR;
				CLANG_WARN_UNREACHABLE_CODE = YES;
				CLANG_WARN__DUPLICATE_METHOD_MATCH = YES;
				"CODE_SIGN_IDENTITY[sdk=iphoneos*]" = "iPhone Developer";
				COPY_PHASE_STRIP = NO;
				DEBUG_INFORMATION_FORMAT = "dwarf-with-dsym";
				ENABLE_NS_ASSERTIONS = NO;
				ENABLE_STRICT_OBJC_MSGSEND = YES;
				GCC_C_LANGUAGE_STANDARD = gnu99;
				GCC_NO_COMMON_BLOCKS = YES;
				GCC_WARN_64_TO_32_BIT_CONVERSION = YES;
				GCC_WARN_ABOUT_RETURN_TYPE = YES_ERROR;
				GCC_WARN_UNDECLARED_SELECTOR = YES;
				GCC_WARN_UNINITIALIZED_AUTOS = YES_AGGRESSIVE;
				GCC_WARN_UNUSED_FUNCTION = YES;
				GCC_WARN_UNUSED_VARIABLE = YES;
				IPHONEOS_DEPLOYMENT_TARGET = 9.2;
				MTL_ENABLE_DEBUG_INFO = NO;
				SDKROOT = iphoneos;
				VALIDATE_PRODUCT = YES;
			};
			name = Release;
		};
		8F09A7381C6BC23C005101D2 /* Debug */ = {
			isa = XCBuildConfiguration;
			buildSettings = {
				ASSETCATALOG_COMPILER_APPICON_NAME = AppIcon;
				INFOPLIST_FILE = Carousel/Info.plist;
				LD_RUNPATH_SEARCH_PATHS = "$(inherited) @executable_path/Frameworks";
				PRODUCT_BUNDLE_IDENTIFIER = jisi.Carousel;
				PRODUCT_NAME = "$(TARGET_NAME)";
			};
			name = Debug;
		};
		8F09A7391C6BC23C005101D2 /* Release */ = {
			isa = XCBuildConfiguration;
			buildSettings = {
				ASSETCATALOG_COMPILER_APPICON_NAME = AppIcon;
				INFOPLIST_FILE = Carousel/Info.plist;
				LD_RUNPATH_SEARCH_PATHS = "$(inherited) @executable_path/Frameworks";
				PRODUCT_BUNDLE_IDENTIFIER = jisi.Carousel;
				PRODUCT_NAME = "$(TARGET_NAME)";
			};
			name = Release;
		};
/* End XCBuildConfiguration section */

/* Begin XCConfigurationList section */
		8F09A7201C6BC23C005101D2 /* Build configuration list for PBXProject "Carousel" */ = {
			isa = XCConfigurationList;
			buildConfigurations = (
				8F09A7351C6BC23C005101D2 /* Debug */,
				8F09A7361C6BC23C005101D2 /* Release */,
			);
			defaultConfigurationIsVisible = 0;
			defaultConfigurationName = Release;
		};
		8F09A7371C6BC23C005101D2 /* Build configuration list for PBXNativeTarget "Carousel" */ = {
			isa = XCConfigurationList;
			buildConfigurations = (
				8F09A7381C6BC23C005101D2 /* Debug */,
				8F09A7391C6BC23C005101D2 /* Release */,
			);
			defaultConfigurationIsVisible = 0;
		};
/* End XCConfigurationList section */
	};
	rootObject = 8F09A71D1C6BC23C005101D2 /* Project object */;
}
